
Microsoft Visual Studio Solution File, Format Version 12.00
# Visual Studio 15
VisualStudioVersion = 15.0.28010.0
MinimumVisualStudioVersion = 10.0.40219.1
Project("{FAE04EC0-301F-11D3-BF4B-00C04F79EFBC}") = "WEB", "WEB\WEB.csproj", "{EBC71D7C-72E8-4033-84F4-87061F0CDC5B}"
EndProject
Project("{FAE04EC0-301F-11D3-BF4B-00C04F79EFBC}") = "BLL", "BLL\BLL.csproj", "{6DB01924-504B-4ABD-A81C-FEB0CE984DE6}"
EndProject
Project("{FAE04EC0-301F-11D3-BF4B-00C04F79EFBC}") = "BOL", "BOL\BOL.csproj", "{5D3732DA-F3E2-4C7A-A2F6-0E87B7D65363}"
EndProject
Project("{FAE04EC0-301F-11D3-BF4B-00C04F79EFBC}") = "DAL", "DAL\DAL.csproj", "{A44D698C-04A7-48CC-A0D7-79F10D4D56DC}"
EndProject
Global
	GlobalSection(SolutionConfigurationPlatforms) = preSolution
		Debug|Any CPU = Debug|Any CPU
		Release|Any CPU = Release|Any CPU
	EndGlobalSection
	GlobalSection(ProjectConfigurationPlatforms) = postSolution
		{EBC71D7C-72E8-4033-84F4-87061F0CDC5B}.Debug|Any CPU.ActiveCfg = Debug|Any CPU
		{EBC71D7C-72E8-4033-84F4-87061F0CDC5B}.Debug|Any CPU.Build.0 = Debug|Any CPU
		{EBC71D7C-72E8-4033-84F4-87061F0CDC5B}.Release|Any CPU.ActiveCfg = Release|Any CPU
		{EBC71D7C-72E8-4033-84F4-87061F0CDC5B}.Release|Any CPU.Build.0 = Release|Any CPU
		{6DB01924-504B-4ABD-A81C-FEB0CE984DE6}.Debug|Any CPU.ActiveCfg = Debug|Any CPU
		{6DB01924-504B-4ABD-A81C-FEB0CE984DE6}.Debug|Any CPU.Build.0 = Debug|Any CPU
		{6DB01924-504B-4ABD-A81C-FEB0CE984DE6}.Release|Any CPU.ActiveCfg = Release|Any CPU
		{6DB01924-504B-4ABD-A81C-FEB0CE984DE6}.Release|Any CPU.Build.0 = Release|Any CPU
		{5D3732DA-F3E2-4C7A-A2F6-0E87B7D65363}.Debug|Any CPU.ActiveCfg = Debug|Any CPU
		{5D3732DA-F3E2-4C7A-A2F6-0E87B7D65363}.Debug|Any CPU.Build.0 = Debug|Any CPU
		{5D3732DA-F3E2-4C7A-A2F6-0E87B7D65363}.Release|Any CPU.ActiveCfg = Release|Any CPU
		{5D3732DA-F3E2-4C7A-A2F6-0E87B7D65363}.Release|Any CPU.Build.0 = Release|Any CPU
		{A44D698C-04A7-48CC-A0D7-79F10D4D56DC}.Debug|Any CPU.ActiveCfg = Debug|Any CPU
		{A44D698C-04A7-48CC-A0D7-79F10D4D56DC}.Debug|Any CPU.Build.0 = Debug|Any CPU
		{A44D698C-04A7-48CC-A0D7-79F10D4D56DC}.Release|Any CPU.ActiveCfg = Release|Any CPU
		{A44D698C-04A7-48CC-A0D7-79F10D4D56DC}.Release|Any CPU.Build.0 = Release|Any CPU
	EndGlobalSection
	GlobalSection(SolutionProperties) = preSolution
		HideSolutionNode = FALSE
	EndGlobalSection
	GlobalSection(ExtensibilityGlobals) = postSolution
		SolutionGuid = {A7EA168F-FD94-4216-ADBF-EA1C20CA9314}
	EndGlobalSection
EndGlobal
